
Microsoft Visual Studio Solution File, Format Version 12.00
# Visual Studio Version 17
VisualStudioVersion = 17.3.32922.545
MinimumVisualStudioVersion = 10.0.40219.1
Project("{FAE04EC0-301F-11D3-BF4B-00C04F79EFBC}") = "Twotter", "Twotter.csproj", "{08E1E186-2F00-4429-A8FD-380B7BCC8125}"
EndProject
Global
	GlobalSection(SolutionConfigurationPlatforms) = preSolution
		Debug|Any CPU = Debug|Any CPU
		Release|Any CPU = Release|Any CPU
	EndGlobalSection
	GlobalSection(ProjectConfigurationPlatforms) = postSolution
		{08E1E186-2F00-4429-A8FD-380B7BCC8125}.Debug|Any CPU.ActiveCfg = Debug|Any CPU
		{08E1E186-2F00-4429-A8FD-380B7BCC8125}.Debug|Any CPU.Build.0 = Debug|Any CPU
		{08E1E186-2F00-4429-A8FD-380B7BCC8125}.Release|Any CPU.ActiveCfg = Release|Any CPU
		{08E1E186-2F00-4429-A8FD-380B7BCC8125}.Release|Any CPU.Build.0 = Release|Any CPU
	EndGlobalSection
	GlobalSection(SolutionProperties) = preSolution
		HideSolutionNode = FALSE
	EndGlobalSection
	GlobalSection(ExtensibilityGlobals) = postSolution
		SolutionGuid = {4E7EA5E0-F1CF-4EFE-B4C0-78622FF1DFE0}
	EndGlobalSection
EndGlobal
